
Microsoft Visual Studio Solution File, Format Version 12.00
# Visual Studio Version 16
VisualStudioVersion = 16.0.810.17
MinimumVisualStudioVersion = 10.0.40219.1
Project("{FAE04EC0-301F-11D3-BF4B-00C04F79EFBC}") = "BookStore", "BookStore.csproj", "{3086CC20-066D-455A-860B-A862A5B8B549}"
EndProject
Global
	GlobalSection(SolutionConfigurationPlatforms) = preSolution
		Debug|Any CPU = Debug|Any CPU
		Release|Any CPU = Release|Any CPU
	EndGlobalSection
	GlobalSection(ProjectConfigurationPlatforms) = postSolution
		{3086CC20-066D-455A-860B-A862A5B8B549}.Debug|Any CPU.ActiveCfg = Debug|Any CPU
		{3086CC20-066D-455A-860B-A862A5B8B549}.Debug|Any CPU.Build.0 = Debug|Any CPU
		{3086CC20-066D-455A-860B-A862A5B8B549}.Release|Any CPU.ActiveCfg = Release|Any CPU
		{3086CC20-066D-455A-860B-A862A5B8B549}.Release|Any CPU.Build.0 = Release|Any CPU
	EndGlobalSection
	GlobalSection(SolutionProperties) = preSolution
		HideSolutionNode = FALSE
	EndGlobalSection
	GlobalSection(ExtensibilityGlobals) = postSolution
		SolutionGuid = {88793D14-9CAE-4AF7-A468-04BF835CF877}
	EndGlobalSection
	GlobalSection(MonoDevelopProperties) = preSolution
		Policies = $0
		$0.VersionControlPolicy = $1
		$1.CommitMessageStyle = $2
		$2.IncludeDirectoryPaths = True
	EndGlobalSection
EndGlobal
